<?xml version="1.0" encoding="utf-8"?>
<Project ToolsVersion="4.0" xmlns="http://schemas.microsoft.com/developer/msbuild/2003">
  <ItemGroup>
    <Filter Include="Source Files">
      <UniqueIdentifier>{4FC737F1-C7A5-4376-A066-2A32D752A2FF}</UniqueIdentifier>
      <Extensions>cpp;c;cc;cxx;c++;cppm;ixx;def;odl;idl;hpj;bat;asm;asmx</Extensions>
    </Filter>
    <Filter Include="Header Files">
      <UniqueIdentifier>{93995380-89BD-4b04-88EB-625FBE52EBFB}</UniqueIdentifier>
      <Extensions>h;hh;hpp;hxx;h++;hm;inl;inc;ipp;xsd</Extensions>
    </Filter>
    <Filter Include="Resource Files">
      <UniqueIdentifier>{67DA6AB6-F800-4c08-8B7A-83BB121AAD01}</UniqueIdentifier>
      <Extensions>rc;ico;cur;bmp;dlg;rc2;rct;bin;rgs;gif;jpg;jpeg;jpe;resx;tiff;tif;png;wav;mfcribbon-ms</Extensions>
    </Filter>
    <Filter Include="Header Files\Entity">
      <UniqueIdentifier>{f44fd6a8-4e06-4c33-9edd-e15fcac898ff}</UniqueIdentifier>
    </Filter>
    <Filter Include="Source Files\Entity">
      <UniqueIdentifier>{0528b442-4243-4bab-88df-e12d834ac8f8}</UniqueIdentifier>
    </Filter>
    <Filter Include="Source Files\Business">
      <UniqueIdentifier>{457e1a83-d742-49c4-b7b0-2928a6d301e2}</UniqueIdentifier>
    </Filter>
    <Filter Include="Header Files\Support">
      <UniqueIdentifier>{85183e02-4b37-4b56-8ebb-199c62bed1ed}</UniqueIdentifier>
    </Filter>
    <Filter Include="Header Files\Business">
      <UniqueIdentifier>{40d7942e-0dc9-478c-8978-765c3e0eb9f1}</UniqueIdentifier>
    </Filter>
    <Filter Include="Source Files\Support">
      <UniqueIdentifier>{9f7e54a1-b69c-4d5e-a58f-cfd803fa8bec}</UniqueIdentifier>
    </Filter>
  </ItemGroup>
  <ItemGroup>
    <ClCompile Include="main.cpp">
      <Filter>Source Files</Filter>
    </ClCompile>
    <ClCompile Include="Add.cpp">
      <Filter>Source Files\Entity</Filter>
    </ClCompile>
    <ClCompile Include="Arrow.cpp">
      <Filter>Source Files\Entity</Filter>
    </ClCompile>
    <ClCompile Include="Circle.cpp">
      <Filter>Source Files\Entity</Filter>
    </ClCompile>
    <ClCompile Include="Devide.cpp">
      <Filter>Source Files\Entity</Filter>
    </ClCompile>
    <ClCompile Include="Ellipse.cpp">
      <Filter>Source Files\Entity</Filter>
    </ClCompile>
    <ClCompile Include="EquilTriangle.cpp">
      <Filter>Source Files\Entity</Filter>
    </ClCompile>
    <ClCompile Include="Hexagon.cpp">
      <Filter>Source Files\Entity</Filter>
    </ClCompile>
    <ClCompile Include="IsoTriangle.cpp">
      <Filter>Source Files\Entity</Filter>
    </ClCompile>
    <ClCompile Include="Minus.cpp">
      <Filter>Source Files\Entity</Filter>
    </ClCompile>
    <ClCompile Include="Multiply.cpp">
      <Filter>Source Files\Entity</Filter>
    </ClCompile>
    <ClCompile Include="Pentagon.cpp">
      <Filter>Source Files\Entity</Filter>
    </ClCompile>
    <ClCompile Include="Point.cpp">
      <Filter>Source Files\Entity</Filter>
    </ClCompile>
    <ClCompile Include="Rectangle.cpp">
      <Filter>Source Files\Entity</Filter>
    </ClCompile>
    <ClCompile Include="Polygon.cpp">
      <Filter>Source Files\Entity</Filter>
    </ClCompile>
    <ClCompile Include="Shape.cpp">
      <Filter>Source Files\Entity</Filter>
    </ClCompile>
    <ClCompile Include="Square.cpp">
      <Filter>Source Files\Entity</Filter>
    </ClCompile>
    <ClCompile Include="Star.cpp">
      <Filter>Source Files\Entity</Filter>
    </ClCompile>
    <ClCompile Include="Line.cpp">
      <Filter>Source Files\Entity</Filter>
    </ClCompile>
    <ClCompile Include="AppProcessor.cpp">
      <Filter>Source Files\Business</Filter>
    </ClCompile>
    <ClCompile Include="Canvas.cpp">
      <Filter>Source Files\Support</Filter>
    </ClCompile>
    <ClCompile Include="Cell.cpp">
      <Filter>Source Files\Support</Filter>
    </ClCompile>
    <ClCompile Include="Color.cpp">
      <Filter>Source Files\Support</Filter>
    </ClCompile>
    <ClCompile Include="Matrix.cpp">
      <Filter>Source Files\Entity</Filter>
    </ClCompile>
  </ItemGroup>
  <ItemGroup>
    <ClInclude Include="Add.h">
      <Filter>Header Files\Entity</Filter>
    </ClInclude>
    <ClInclude Include="Arrow.h">
      <Filter>Header Files\Entity</Filter>
    </ClInclude>
    <ClInclude Include="Circle.h">
      <Filter>Header Files\Entity</Filter>
    </ClInclude>
    <ClInclude Include="Devide.h">
      <Filter>Header Files\Entity</Filter>
    </ClInclude>
    <ClInclude Include="Ellipse.h">
      <Filter>Header Files\Entity</Filter>
    </ClInclude>
    <ClInclude Include="EquilTriangle.h">
      <Filter>Header Files\Entity</Filter>
    </ClInclude>
    <ClInclude Include="Hexagon.h">
      <Filter>Header Files\Entity</Filter>
    </ClInclude>
    <ClInclude Include="IsoTriangle.h">
      <Filter>Header Files\Entity</Filter>
    </ClInclude>
    <ClInclude Include="Minus.h">
      <Filter>Header Files\Entity</Filter>
    </ClInclude>
    <ClInclude Include="Multiply.h">
      <Filter>Header Files\Entity</Filter>
    </ClInclude>
    <ClInclude Include="Pentagon.h">
      <Filter>Header Files\Entity</Filter>
    </ClInclude>
    <ClInclude Include="Point.h">
      <Filter>Header Files\Entity</Filter>
    </ClInclude>
    <ClInclude Include="Polygon.h">
      <Filter>Header Files\Entity</Filter>
    </ClInclude>
    <ClInclude Include="Rectangle.h">
      <Filter>Header Files\Entity</Filter>
    </ClInclude>
    <ClInclude Include="Shape.h">
      <Filter>Header Files\Entity</Filter>
    </ClInclude>
    <ClInclude Include="Line.h">
      <Filter>Header Files\Entity</Filter>
    </ClInclude>
    <ClInclude Include="Star.h">
      <Filter>Header Files\Entity</Filter>
    </ClInclude>
    <ClInclude Include="Square.h">
      <Filter>Header Files\Entity</Filter>
    </ClInclude>
    <ClInclude Include="AppProcessor.h">
      <Filter>Header Files\Business</Filter>
    </ClInclude>
    <ClInclude Include="Header.h">
      <Filter>Header Files\Entity</Filter>
    </ClInclude>
    <ClInclude Include="Triangle.h">
      <Filter>Header Files\Entity</Filter>
    </ClInclude>
    <ClInclude Include="Canvas.h">
      <Filter>Header Files\Support</Filter>
    </ClInclude>
    <ClInclude Include="Cell.h">
      <Filter>Header Files\Support</Filter>
    </ClInclude>
    <ClInclude Include="Color.h">
      <Filter>Header Files\Support</Filter>
    </ClInclude>
    <ClInclude Include="ColorFilling.h">
      <Filter>Header Files\Business</Filter>
    </ClInclude>
    <ClInclude Include="utils.h">
      <Filter>Header Files\Support</Filter>
    </ClInclude>
    <ClInclude Include="Matrix.h">
      <Filter>Header Files\Entity</Filter>
    </ClInclude>
    <ClInclude Include="logic.h">
      <Filter>Header Files\Entity</Filter>
    </ClInclude>
  </ItemGroup>
</Project>